
Microsoft Visual Studio Solution File, Format Version 12.00
# Visual Studio Version 17
VisualStudioVersion = 17.11.35312.102
MinimumVisualStudioVersion = 10.0.40219.1
Project("{FAE04EC0-301F-11D3-BF4B-00C04F79EFBC}") = "01_MainSubjects", "01_MainSubjects\01_MainSubjects.csproj", "{1A867407-9CCE-411C-AF1F-73E870C11C93}"
EndProject
Project("{FAE04EC0-301F-11D3-BF4B-00C04F79EFBC}") = "02_Variables", "02_Variables\02_Variables.csproj", "{08FD8061-53CC-4654-BB5F-DC6129C3C7DD}"
EndProject
Project("{FAE04EC0-301F-11D3-BF4B-00C04F79EFBC}") = "03_MakingDecision", "03_MakingDecision\03_MakingDecision.csproj", "{A26CC710-27B2-462B-91C4-16B1C7DF0FD5}"
EndProject
Project("{FAE04EC0-301F-11D3-BF4B-00C04F79EFBC}") = "04_Loops", "04_Loops\04_Loops.csproj", "{55E00C93-3E3D-4631-A5A3-46DD0813361D}"
EndProject
Project("{FAE04EC0-301F-11D3-BF4B-00C04F79EFBC}") = "05_LoopsWithStars", "05_LoopsWithStars\05_LoopsWithStars.csproj", "{5DC057D2-D94A-4628-960E-CDCEBAF0A070}"
EndProject
Project("{FAE04EC0-301F-11D3-BF4B-00C04F79EFBC}") = "06_Arrays", "06_Arrays\06_Arrays.csproj", "{6FF9FAFF-9D0D-4728-B355-B02BEFCAF9C5}"
EndProject
Project("{FAE04EC0-301F-11D3-BF4B-00C04F79EFBC}") = "07_ForeachLoops", "07_ForeachLoops\07_ForeachLoops.csproj", "{1E18DB1E-A3C5-4EEE-A476-EA20F0CB3567}"
EndProject
Project("{FAE04EC0-301F-11D3-BF4B-00C04F79EFBC}") = "08_Methods", "08_Methods\08_Methods.csproj", "{F5E4AF1A-0C55-4692-A3AA-932E8BC65F28}"
EndProject
Global
	GlobalSection(SolutionConfigurationPlatforms) = preSolution
		Debug|Any CPU = Debug|Any CPU
		Release|Any CPU = Release|Any CPU
	EndGlobalSection
	GlobalSection(ProjectConfigurationPlatforms) = postSolution
		{1A867407-9CCE-411C-AF1F-73E870C11C93}.Debug|Any CPU.ActiveCfg = Debug|Any CPU
		{1A867407-9CCE-411C-AF1F-73E870C11C93}.Debug|Any CPU.Build.0 = Debug|Any CPU
		{1A867407-9CCE-411C-AF1F-73E870C11C93}.Release|Any CPU.ActiveCfg = Release|Any CPU
		{1A867407-9CCE-411C-AF1F-73E870C11C93}.Release|Any CPU.Build.0 = Release|Any CPU
		{08FD8061-53CC-4654-BB5F-DC6129C3C7DD}.Debug|Any CPU.ActiveCfg = Debug|Any CPU
		{08FD8061-53CC-4654-BB5F-DC6129C3C7DD}.Debug|Any CPU.Build.0 = Debug|Any CPU
		{08FD8061-53CC-4654-BB5F-DC6129C3C7DD}.Release|Any CPU.ActiveCfg = Release|Any CPU
		{08FD8061-53CC-4654-BB5F-DC6129C3C7DD}.Release|Any CPU.Build.0 = Release|Any CPU
		{A26CC710-27B2-462B-91C4-16B1C7DF0FD5}.Debug|Any CPU.ActiveCfg = Debug|Any CPU
		{A26CC710-27B2-462B-91C4-16B1C7DF0FD5}.Debug|Any CPU.Build.0 = Debug|Any CPU
		{A26CC710-27B2-462B-91C4-16B1C7DF0FD5}.Release|Any CPU.ActiveCfg = Release|Any CPU
		{A26CC710-27B2-462B-91C4-16B1C7DF0FD5}.Release|Any CPU.Build.0 = Release|Any CPU
		{55E00C93-3E3D-4631-A5A3-46DD0813361D}.Debug|Any CPU.ActiveCfg = Debug|Any CPU
		{55E00C93-3E3D-4631-A5A3-46DD0813361D}.Debug|Any CPU.Build.0 = Debug|Any CPU
		{55E00C93-3E3D-4631-A5A3-46DD0813361D}.Release|Any CPU.ActiveCfg = Release|Any CPU
		{55E00C93-3E3D-4631-A5A3-46DD0813361D}.Release|Any CPU.Build.0 = Release|Any CPU
		{5DC057D2-D94A-4628-960E-CDCEBAF0A070}.Debug|Any CPU.ActiveCfg = Debug|Any CPU
		{5DC057D2-D94A-4628-960E-CDCEBAF0A070}.Debug|Any CPU.Build.0 = Debug|Any CPU
		{5DC057D2-D94A-4628-960E-CDCEBAF0A070}.Release|Any CPU.ActiveCfg = Release|Any CPU
		{5DC057D2-D94A-4628-960E-CDCEBAF0A070}.Release|Any CPU.Build.0 = Release|Any CPU
		{6FF9FAFF-9D0D-4728-B355-B02BEFCAF9C5}.Debug|Any CPU.ActiveCfg = Debug|Any CPU
		{6FF9FAFF-9D0D-4728-B355-B02BEFCAF9C5}.Debug|Any CPU.Build.0 = Debug|Any CPU
		{6FF9FAFF-9D0D-4728-B355-B02BEFCAF9C5}.Release|Any CPU.ActiveCfg = Release|Any CPU
		{6FF9FAFF-9D0D-4728-B355-B02BEFCAF9C5}.Release|Any CPU.Build.0 = Release|Any CPU
		{1E18DB1E-A3C5-4EEE-A476-EA20F0CB3567}.Debug|Any CPU.ActiveCfg = Debug|Any CPU
		{1E18DB1E-A3C5-4EEE-A476-EA20F0CB3567}.Debug|Any CPU.Build.0 = Debug|Any CPU
		{1E18DB1E-A3C5-4EEE-A476-EA20F0CB3567}.Release|Any CPU.ActiveCfg = Release|Any CPU
		{1E18DB1E-A3C5-4EEE-A476-EA20F0CB3567}.Release|Any CPU.Build.0 = Release|Any CPU
		{F5E4AF1A-0C55-4692-A3AA-932E8BC65F28}.Debug|Any CPU.ActiveCfg = Debug|Any CPU
		{F5E4AF1A-0C55-4692-A3AA-932E8BC65F28}.Debug|Any CPU.Build.0 = Debug|Any CPU
		{F5E4AF1A-0C55-4692-A3AA-932E8BC65F28}.Release|Any CPU.ActiveCfg = Release|Any CPU
		{F5E4AF1A-0C55-4692-A3AA-932E8BC65F28}.Release|Any CPU.Build.0 = Release|Any CPU
	EndGlobalSection
	GlobalSection(SolutionProperties) = preSolution
		HideSolutionNode = FALSE
	EndGlobalSection
	GlobalSection(ExtensibilityGlobals) = postSolution
		SolutionGuid = {0BCB3113-3774-4331-8046-A868F8B35891}
	EndGlobalSection
EndGlobal
